// !$*UTF8*$!
{
	archiveVersion = 1;
	classes = {
	};
	objectVersion = 50;
	objects = {

/* Begin PBXBuildFile section */
		6B0DFDFD20D4A04200F90DBF /* AppDelegate.swift in Sources */ = {isa = PBXBuildFile; fileRef = 6B0DFDFC20D4A04200F90DBF /* AppDelegate.swift */; };
		6B0DFE0220D4A04200F90DBF /* Main.storyboard in Resources */ = {isa = PBXBuildFile; fileRef = 6B0DFE0020D4A04200F90DBF /* Main.storyboard */; };
		6B0DFE0420D4A04300F90DBF /* Assets.xcassets in Resources */ = {isa = PBXBuildFile; fileRef = 6B0DFE0320D4A04300F90DBF /* Assets.xcassets */; };
		6B0DFE0720D4A04300F90DBF /* LaunchScreen.storyboard in Resources */ = {isa = PBXBuildFile; fileRef = 6B0DFE0520D4A04300F90DBF /* LaunchScreen.storyboard */; };
		6B0DFE2320D4A0C700F90DBF /* Place.swift in Sources */ = {isa = PBXBuildFile; fileRef = 6B0DFE2220D4A0C700F90DBF /* Place.swift */; };
		6B0DFE2520D4A0D700F90DBF /* PlaceCellDataModel.swift in Sources */ = {isa = PBXBuildFile; fileRef = 6B0DFE2420D4A0D700F90DBF /* PlaceCellDataModel.swift */; };
		6B0DFE2720D4A0F900F90DBF /* PlaceListViewModel.swift in Sources */ = {isa = PBXBuildFile; fileRef = 6B0DFE2620D4A0F900F90DBF /* PlaceListViewModel.swift */; };
		6B0DFE2920D4A11800F90DBF /* PlaceListController.swift in Sources */ = {isa = PBXBuildFile; fileRef = 6B0DFE2820D4A11800F90DBF /* PlaceListController.swift */; };
		6B0DFE2B20D4A15C00F90DBF /* PlaceTableCell.swift in Sources */ = {isa = PBXBuildFile; fileRef = 6B0DFE2A20D4A15C00F90DBF /* PlaceTableCell.swift */; };
		6B0DFE2D20D4A17F00F90DBF /* PlaceCellDataModelTests.swift in Sources */ = {isa = PBXBuildFile; fileRef = 6B0DFE2C20D4A17F00F90DBF /* PlaceCellDataModelTests.swift */; };
		6B0DFE2F20D4A19300F90DBF /* PlaceListViewModelTests.swift in Sources */ = {isa = PBXBuildFile; fileRef = 6B0DFE2E20D4A19300F90DBF /* PlaceListViewModelTests.swift */; };
		6B0DFE3120D4A1A900F90DBF /* PlaceTests.swift in Sources */ = {isa = PBXBuildFile; fileRef = 6B0DFE3020D4A1A900F90DBF /* PlaceTests.swift */; };
		6BF2913320D57A18001A58CD /* PlacesList.json in Resources */ = {isa = PBXBuildFile; fileRef = 6BF2913220D57A18001A58CD /* PlacesList.json */; };
/* End PBXBuildFile section */

/* Begin PBXContainerItemProxy section */
		6B0DFE0E20D4A04300F90DBF /* PBXContainerItemProxy */ = {
			isa = PBXContainerItemProxy;
			containerPortal = 6B0DFDF120D4A04200F90DBF /* Project object */;
			proxyType = 1;
			remoteGlobalIDString = 6B0DFDF820D4A04200F90DBF;
			remoteInfo = DemoTests;
		};
/* End PBXContainerItemProxy section */

/* Begin PBXFileReference section */
		6B0DFDF920D4A04200F90DBF /* DemoTests.app */ = {isa = PBXFileReference; explicitFileType = wrapper.application; includeInIndex = 0; path = DemoTests.app; sourceTree = BUILT_PRODUCTS_DIR; };
		6B0DFDFC20D4A04200F90DBF /* AppDelegate.swift */ = {isa = PBXFileReference; lastKnownFileType = sourcecode.swift; path = AppDelegate.swift; sourceTree = "<group>"; };
		6B0DFE0120D4A04200F90DBF /* Base */ = {isa = PBXFileReference; lastKnownFileType = file.storyboard; name = Base; path = Base.lproj/Main.storyboard; sourceTree = "<group>"; };
		6B0DFE0320D4A04300F90DBF /* Assets.xcassets */ = {isa = PBXFileReference; lastKnownFileType = folder.assetcatalog; path = Assets.xcassets; sourceTree = "<group>"; };
		6B0DFE0620D4A04300F90DBF /* Base */ = {isa = PBXFileReference; lastKnownFileType = file.storyboard; name = Base; path = Base.lproj/LaunchScreen.storyboard; sourceTree = "<group>"; };
		6B0DFE0820D4A04300F90DBF /* Info.plist */ = {isa = PBXFileReference; lastKnownFileType = text.plist.xml; path = Info.plist; sourceTree = "<group>"; };
		6B0DFE0D20D4A04300F90DBF /* DemoTestsTests.xctest */ = {isa = PBXFileReference; explicitFileType = wrapper.cfbundle; includeInIndex = 0; path = DemoTestsTests.xctest; sourceTree = BUILT_PRODUCTS_DIR; };
		6B0DFE1320D4A04300F90DBF /* Info.plist */ = {isa = PBXFileReference; lastKnownFileType = text.plist.xml; path = Info.plist; sourceTree = "<group>"; };
		6B0DFE2220D4A0C700F90DBF /* Place.swift */ = {isa = PBXFileReference; lastKnownFileType = sourcecode.swift; path = Place.swift; sourceTree = "<group>"; };
		6B0DFE2420D4A0D700F90DBF /* PlaceCellDataModel.swift */ = {isa = PBXFileReference; lastKnownFileType = sourcecode.swift; path = PlaceCellDataModel.swift; sourceTree = "<group>"; };
		6B0DFE2620D4A0F900F90DBF /* PlaceListViewModel.swift */ = {isa = PBXFileReference; lastKnownFileType = sourcecode.swift; path = PlaceListViewModel.swift; sourceTree = "<group>"; };
		6B0DFE2820D4A11800F90DBF /* PlaceListController.swift */ = {isa = PBXFileReference; lastKnownFileType = sourcecode.swift; path = PlaceListController.swift; sourceTree = "<group>"; };
		6B0DFE2A20D4A15C00F90DBF /* PlaceTableCell.swift */ = {isa = PBXFileReference; lastKnownFileType = sourcecode.swift; path = PlaceTableCell.swift; sourceTree = "<group>"; };
		6B0DFE2C20D4A17F00F90DBF /* PlaceCellDataModelTests.swift */ = {isa = PBXFileReference; lastKnownFileType = sourcecode.swift; path = PlaceCellDataModelTests.swift; sourceTree = "<group>"; };
		6B0DFE2E20D4A19300F90DBF /* PlaceListViewModelTests.swift */ = {isa = PBXFileReference; lastKnownFileType = sourcecode.swift; path = PlaceListViewModelTests.swift; sourceTree = "<group>"; };
		6B0DFE3020D4A1A900F90DBF /* PlaceTests.swift */ = {isa = PBXFileReference; lastKnownFileType = sourcecode.swift; path = PlaceTests.swift; sourceTree = "<group>"; };
		6BF2913220D57A18001A58CD /* PlacesList.json */ = {isa = PBXFileReference; fileEncoding = 4; lastKnownFileType = text.json; path = PlacesList.json; sourceTree = "<group>"; };
/* End PBXFileReference section */

/* Begin PBXFrameworksBuildPhase section */
		6B0DFDF620D4A04200F90DBF /* Frameworks */ = {
			isa = PBXFrameworksBuildPhase;
			buildActionMask = 2147483647;
			files = (
			);
			runOnlyForDeploymentPostprocessing = 0;
		};
		6B0DFE0A20D4A04300F90DBF /* Frameworks */ = {
			isa = PBXFrameworksBuildPhase;
			buildActionMask = 2147483647;
			files = (
			);
			runOnlyForDeploymentPostprocessing = 0;
		};
/* End PBXFrameworksBuildPhase section */

/* Begin PBXGroup section */
		6B0DFDF020D4A04200F90DBF = {
			isa = PBXGroup;
			children = (
				6B0DFDFB20D4A04200F90DBF /* DemoTests */,
				6B0DFE1020D4A04300F90DBF /* DemoTestsTests */,
				6B0DFDFA20D4A04200F90DBF /* Products */,
			);
			sourceTree = "<group>";
		};
		6B0DFDFA20D4A04200F90DBF /* Products */ = {
			isa = PBXGroup;
			children = (
				6B0DFDF920D4A04200F90DBF /* DemoTests.app */,
				6B0DFE0D20D4A04300F90DBF /* DemoTestsTests.xctest */,
			);
			name = Products;
			sourceTree = "<group>";
		};
		6B0DFDFB20D4A04200F90DBF /* DemoTests */ = {
			isa = PBXGroup;
			children = (
				6B0DFE2120D4A0AB00F90DBF /* Model */,
				6B0DFE2020D4A06E00F90DBF /* Resources */,
				6B0DFE1F20D4A05C00F90DBF /* ViewModel */,
				6B0DFE1E20D4A05500F90DBF /* View */,
				6B0DFE1D20D4A04F00F90DBF /* Storyboard */,
				6B0DFE1C20D4A04900F90DBF /* App */,
				6B0DFE0820D4A04300F90DBF /* Info.plist */,
			);
			path = DemoTests;
			sourceTree = "<group>";
		};
		6B0DFE1020D4A04300F90DBF /* DemoTestsTests */ = {
			isa = PBXGroup;
			children = (
				6B0DFE1320D4A04300F90DBF /* Info.plist */,
				6B0DFE2C20D4A17F00F90DBF /* PlaceCellDataModelTests.swift */,
				6B0DFE2E20D4A19300F90DBF /* PlaceListViewModelTests.swift */,
				6B0DFE3020D4A1A900F90DBF /* PlaceTests.swift */,
			);
			path = DemoTestsTests;
			sourceTree = "<group>";
		};
		6B0DFE1C20D4A04900F90DBF /* App */ = {
			isa = PBXGroup;
			children = (
				6B0DFDFC20D4A04200F90DBF /* AppDelegate.swift */,
			);
			path = App;
			sourceTree = "<group>";
		};
		6B0DFE1D20D4A04F00F90DBF /* Storyboard */ = {
			isa = PBXGroup;
			children = (
				6B0DFE0020D4A04200F90DBF /* Main.storyboard */,
				6B0DFE0520D4A04300F90DBF /* LaunchScreen.storyboard */,
			);
			path = Storyboard;
			sourceTree = "<group>";
		};
		6B0DFE1E20D4A05500F90DBF /* View */ = {
			isa = PBXGroup;
			children = (
				6B0DFE2820D4A11800F90DBF /* PlaceListController.swift */,
				6B0DFE2A20D4A15C00F90DBF /* PlaceTableCell.swift */,
			);
			path = View;
			sourceTree = "<group>";
		};
		6B0DFE1F20D4A05C00F90DBF /* ViewModel */ = {
			isa = PBXGroup;
			children = (
				6B0DFE2620D4A0F900F90DBF /* PlaceListViewModel.swift */,
			);
			path = ViewModel;
			sourceTree = "<group>";
		};
		6B0DFE2020D4A06E00F90DBF /* Resources */ = {
			isa = PBXGroup;
			children = (
				6BF2913220D57A18001A58CD /* PlacesList.json */,
				6B0DFE0320D4A04300F90DBF /* Assets.xcassets */,
			);
			path = Resources;
			sourceTree = "<group>";
		};
		6B0DFE2120D4A0AB00F90DBF /* Model */ = {
			isa = PBXGroup;
			children = (
				6B0DFE2220D4A0C700F90DBF /* Place.swift */,
				6B0DFE2420D4A0D700F90DBF /* PlaceCellDataModel.swift */,
			);
			path = Model;
			sourceTree = "<group>";
		};
/* End PBXGroup section */

/* Begin PBXNativeTarget section */
		6B0DFDF820D4A04200F90DBF /* DemoTests */ = {
			isa = PBXNativeTarget;
			buildConfigurationList = 6B0DFE1620D4A04300F90DBF /* Build configuration list for PBXNativeTarget "DemoTests" */;
			buildPhases = (
				6B0DFDF520D4A04200F90DBF /* Sources */,
				6B0DFDF620D4A04200F90DBF /* Frameworks */,
				6B0DFDF720D4A04200F90DBF /* Resources */,
			);
			buildRules = (
			);
			dependencies = (
			);
			name = DemoTests;
			productName = DemoTests;
			productReference = 6B0DFDF920D4A04200F90DBF /* DemoTests.app */;
			productType = "com.apple.product-type.application";
		};
		6B0DFE0C20D4A04300F90DBF /* DemoTestsTests */ = {
			isa = PBXNativeTarget;
			buildConfigurationList = 6B0DFE1920D4A04300F90DBF /* Build configuration list for PBXNativeTarget "DemoTestsTests" */;
			buildPhases = (
				6B0DFE0920D4A04300F90DBF /* Sources */,
				6B0DFE0A20D4A04300F90DBF /* Frameworks */,
				6B0DFE0B20D4A04300F90DBF /* Resources */,
			);
			buildRules = (
			);
			dependencies = (
				6B0DFE0F20D4A04300F90DBF /* PBXTargetDependency */,
			);
			name = DemoTestsTests;
			productName = DemoTestsTests;
			productReference = 6B0DFE0D20D4A04300F90DBF /* DemoTestsTests.xctest */;
			productType = "com.apple.product-type.bundle.unit-test";
		};
/* End PBXNativeTarget section */

/* Begin PBXProject section */
		6B0DFDF120D4A04200F90DBF /* Project object */ = {
			isa = PBXProject;
			attributes = {
				LastSwiftUpdateCheck = 0930;
				LastUpgradeCheck = 0930;
				ORGANIZATIONNAME = Abhisek;
				TargetAttributes = {
					6B0DFDF820D4A04200F90DBF = {
						CreatedOnToolsVersion = 9.3.1;
					};
					6B0DFE0C20D4A04300F90DBF = {
						CreatedOnToolsVersion = 9.3.1;
						TestTargetID = 6B0DFDF820D4A04200F90DBF;
					};
				};
			};
			buildConfigurationList = 6B0DFDF420D4A04200F90DBF /* Build configuration list for PBXProject "DemoTests" */;
			compatibilityVersion = "Xcode 9.3";
			developmentRegion = en;
			hasScannedForEncodings = 0;
			knownRegions = (
				en,
				Base,
			);
			mainGroup = 6B0DFDF020D4A04200F90DBF;
			productRefGroup = 6B0DFDFA20D4A04200F90DBF /* Products */;
			projectDirPath = "";
			projectRoot = "";
			targets = (
				6B0DFDF820D4A04200F90DBF /* DemoTests */,
				6B0DFE0C20D4A04300F90DBF /* DemoTestsTests */,
			);
		};
/* End PBXProject section */

/* Begin PBXResourcesBuildPhase section */
		6B0DFDF720D4A04200F90DBF /* Resources */ = {
			isa = PBXResourcesBuildPhase;
			buildActionMask = 2147483647;
			files = (
				6B0DFE0720D4A04300F90DBF /* LaunchScreen.storyboard in Resources */,
				6B0DFE0420D4A04300F90DBF /* Assets.xcassets in Resources */,
				6B0DFE0220D4A04200F90DBF /* Main.storyboard in Resources */,
				6BF2913320D57A18001A58CD /* PlacesList.json in Resources */,
			);
			runOnlyForDeploymentPostprocessing = 0;
		};
		6B0DFE0B20D4A04300F90DBF /* Resources */ = {
			isa = PBXResourcesBuildPhase;
			buildActionMask = 2147483647;
			files = (
			);
			runOnlyForDeploymentPostprocessing = 0;
		};
/* End PBXResourcesBuildPhase section */

/* Begin PBXSourcesBuildPhase section */
		6B0DFDF520D4A04200F90DBF /* Sources */ = {
			isa = PBXSourcesBuildPhase;
			buildActionMask = 2147483647;
			files = (
				6B0DFE2720D4A0F900F90DBF /* PlaceListViewModel.swift in Sources */,
				6B0DFE2520D4A0D700F90DBF /* PlaceCellDataModel.swift in Sources */,
				6B0DFE2920D4A11800F90DBF /* PlaceListController.swift in Sources */,
				6B0DFDFD20D4A04200F90DBF /* AppDelegate.swift in Sources */,
				6B0DFE2B20D4A15C00F90DBF /* PlaceTableCell.swift in Sources */,
				6B0DFE2320D4A0C700F90DBF /* Place.swift in Sources */,
			);
			runOnlyForDeploymentPostprocessing = 0;
		};
		6B0DFE0920D4A04300F90DBF /* Sources */ = {
			isa = PBXSourcesBuildPhase;
			buildActionMask = 2147483647;
			files = (
				6B0DFE2F20D4A19300F90DBF /* PlaceListViewModelTests.swift in Sources */,
				6B0DFE2D20D4A17F00F90DBF /* PlaceCellDataModelTests.swift in Sources */,
				6B0DFE3120D4A1A900F90DBF /* PlaceTests.swift in Sources */,
			);
			runOnlyForDeploymentPostprocessing = 0;
		};
/* End PBXSourcesBuildPhase section */

/* Begin PBXTargetDependency section */
		6B0DFE0F20D4A04300F90DBF /* PBXTargetDependency */ = {
			isa = PBXTargetDependency;
			target = 6B0DFDF820D4A04200F90DBF /* DemoTests */;
			targetProxy = 6B0DFE0E20D4A04300F90DBF /* PBXContainerItemProxy */;
		};
/* End PBXTargetDependency section */

/* Begin PBXVariantGroup section */
		6B0DFE0020D4A04200F90DBF /* Main.storyboard */ = {
			isa = PBXVariantGroup;
			children = (
				6B0DFE0120D4A04200F90DBF /* Base */,
			);
			name = Main.storyboard;
			sourceTree = "<group>";
		};
		6B0DFE0520D4A04300F90DBF /* LaunchScreen.storyboard */ = {
			isa = PBXVariantGroup;
			children = (
				6B0DFE0620D4A04300F90DBF /* Base */,
			);
			name = LaunchScreen.storyboard;
			sourceTree = "<group>";
		};
/* End PBXVariantGroup section */

/* Begin XCBuildConfiguration section */
		6B0DFE1420D4A04300F90DBF /* Debug */ = {
			isa = XCBuildConfiguration;
			buildSettings = {
				ALWAYS_SEARCH_USER_PATHS = NO;
				CLANG_ANALYZER_NONNULL = YES;
				CLANG_ANALYZER_NUMBER_OBJECT_CONVERSION = YES_AGGRESSIVE;
				CLANG_CXX_LANGUAGE_STANDARD = "gnu++14";
				CLANG_CXX_LIBRARY = "libc++";
				CLANG_ENABLE_MODULES = YES;
				CLANG_ENABLE_OBJC_ARC = YES;
				CLANG_ENABLE_OBJC_WEAK = YES;
				CLANG_WARN_BLOCK_CAPTURE_AUTORELEASING = YES;
				CLANG_WARN_BOOL_CONVERSION = YES;
				CLANG_WARN_COMMA = YES;
				CLANG_WARN_CONSTANT_CONVERSION = YES;
				CLANG_WARN_DEPRECATED_OBJC_IMPLEMENTATIONS = YES;
				CLANG_WARN_DIRECT_OBJC_ISA_USAGE = YES_ERROR;
				CLANG_WARN_DOCUMENTATION_COMMENTS = YES;
				CLANG_WARN_EMPTY_BODY = YES;
				CLANG_WARN_ENUM_CONVERSION = YES;
				CLANG_WARN_INFINITE_RECURSION = YES;
				CLANG_WARN_INT_CONVERSION = YES;
				CLANG_WARN_NON_LITERAL_NULL_CONVERSION = YES;
				CLANG_WARN_OBJC_IMPLICIT_RETAIN_SELF = YES;
				CLANG_WARN_OBJC_LITERAL_CONVERSION = YES;
				CLANG_WARN_OBJC_ROOT_CLASS = YES_ERROR;
				CLANG_WARN_RANGE_LOOP_ANALYSIS = YES;
				CLANG_WARN_STRICT_PROTOTYPES = YES;
				CLANG_WARN_SUSPICIOUS_MOVE = YES;
				CLANG_WARN_UNGUARDED_AVAILABILITY = YES_AGGRESSIVE;
				CLANG_WARN_UNREACHABLE_CODE = YES;
				CLANG_WARN__DUPLICATE_METHOD_MATCH = YES;
				CODE_SIGN_IDENTITY = "iPhone Developer";
				COPY_PHASE_STRIP = NO;
				DEBUG_INFORMATION_FORMAT = dwarf;
				ENABLE_STRICT_OBJC_MSGSEND = YES;
				ENABLE_TESTABILITY = YES;
				GCC_C_LANGUAGE_STANDARD = gnu11;
				GCC_DYNAMIC_NO_PIC = NO;
				GCC_NO_COMMON_BLOCKS = YES;
				GCC_OPTIMIZATION_LEVEL = 0;
				GCC_PREPROCESSOR_DEFINITIONS = (
					"DEBUG=1",
					"$(inherited)",
				);
				GCC_WARN_64_TO_32_BIT_CONVERSION = YES;
				GCC_WARN_ABOUT_RETURN_TYPE = YES_ERROR;
				GCC_WARN_UNDECLARED_SELECTOR = YES;
				GCC_WARN_UNINITIALIZED_AUTOS = YES_AGGRESSIVE;
				GCC_WARN_UNUSED_FUNCTION = YES;
				GCC_WARN_UNUSED_VARIABLE = YES;
				IPHONEOS_DEPLOYMENT_TARGET = 11.3;
				MTL_ENABLE_DEBUG_INFO = YES;
				ONLY_ACTIVE_ARCH = YES;
				SDKROOT = iphoneos;
				SWIFT_ACTIVE_COMPILATION_CONDITIONS = DEBUG;
				SWIFT_OPTIMIZATION_LEVEL = "-Onone";
			};
			name = Debug;
		};
		6B0DFE1520D4A04300F90DBF /* Release */ = {
			isa = XCBuildConfiguration;
			buildSettings = {
				ALWAYS_SEARCH_USER_PATHS = NO;
				CLANG_ANALYZER_NONNULL = YES;
				CLANG_ANALYZER_NUMBER_OBJECT_CONVERSION = YES_AGGRESSIVE;
				CLANG_CXX_LANGUAGE_STANDARD = "gnu++14";
				CLANG_CXX_LIBRARY = "libc++";
				CLANG_ENABLE_MODULES = YES;
				CLANG_ENABLE_OBJC_ARC = YES;
				CLANG_ENABLE_OBJC_WEAK = YES;
				CLANG_WARN_BLOCK_CAPTURE_AUTORELEASING = YES;
				CLANG_WARN_BOOL_CONVERSION = YES;
				CLANG_WARN_COMMA = YES;
				CLANG_WARN_CONSTANT_CONVERSION = YES;
				CLANG_WARN_DEPRECATED_OBJC_IMPLEMENTATIONS = YES;
				CLANG_WARN_DIRECT_OBJC_ISA_USAGE = YES_ERROR;
				CLANG_WARN_DOCUMENTATION_COMMENTS = YES;
				CLANG_WARN_EMPTY_BODY = YES;
				CLANG_WARN_ENUM_CONVERSION = YES;
				CLANG_WARN_INFINITE_RECURSION = YES;
				CLANG_WARN_INT_CONVERSION = YES;
				CLANG_WARN_NON_LITERAL_NULL_CONVERSION = YES;
				CLANG_WARN_OBJC_IMPLICIT_RETAIN_SELF = YES;
				CLANG_WARN_OBJC_LITERAL_CONVERSION = YES;
				CLANG_WARN_OBJC_ROOT_CLASS = YES_ERROR;
				CLANG_WARN_RANGE_LOOP_ANALYSIS = YES;
				CLANG_WARN_STRICT_PROTOTYPES = YES;
				CLANG_WARN_SUSPICIOUS_MOVE = YES;
				CLANG_WARN_UNGUARDED_AVAILABILITY = YES_AGGRESSIVE;
				CLANG_WARN_UNREACHABLE_CODE = YES;
				CLANG_WARN__DUPLICATE_METHOD_MATCH = YES;
				CODE_SIGN_IDENTITY = "iPhone Developer";
				COPY_PHASE_STRIP = NO;
				DEBUG_INFORMATION_FORMAT = "dwarf-with-dsym";
				ENABLE_NS_ASSERTIONS = NO;
				ENABLE_STRICT_OBJC_MSGSEND = YES;
				GCC_C_LANGUAGE_STANDARD = gnu11;
				GCC_NO_COMMON_BLOCKS = YES;
				GCC_WARN_64_TO_32_BIT_CONVERSION = YES;
				GCC_WARN_ABOUT_RETURN_TYPE = YES_ERROR;
				GCC_WARN_UNDECLARED_SELECTOR = YES;
				GCC_WARN_UNINITIALIZED_AUTOS = YES_AGGRESSIVE;
				GCC_WARN_UNUSED_FUNCTION = YES;
				GCC_WARN_UNUSED_VARIABLE = YES;
				IPHONEOS_DEPLOYMENT_TARGET = 11.3;
				MTL_ENABLE_DEBUG_INFO = NO;
				SDKROOT = iphoneos;
				SWIFT_COMPILATION_MODE = wholemodule;
				SWIFT_OPTIMIZATION_LEVEL = "-O";
				VALIDATE_PRODUCT = YES;
			};
			name = Release;
		};
		6B0DFE1720D4A04300F90DBF /* Debug */ = {
			isa = XCBuildConfiguration;
			buildSettings = {
				ASSETCATALOG_COMPILER_APPICON_NAME = AppIcon;
				CODE_SIGN_STYLE = Automatic;
				DEVELOPMENT_TEAM = M35DLYREN6;
				INFOPLIST_FILE = DemoTests/Info.plist;
				LD_RUNPATH_SEARCH_PATHS = (
					"$(inherited)",
					"@executable_path/Frameworks",
				);
				PRODUCT_BUNDLE_IDENTIFIER = phoneBook.DemoTests;
				PRODUCT_NAME = "$(TARGET_NAME)";
				SWIFT_VERSION = 4.0;
				TARGETED_DEVICE_FAMILY = "1,2";
			};
			name = Debug;
		};
		6B0DFE1820D4A04300F90DBF /* Release */ = {
			isa = XCBuildConfiguration;
			buildSettings = {
				ASSETCATALOG_COMPILER_APPICON_NAME = AppIcon;
				CODE_SIGN_STYLE = Automatic;
				DEVELOPMENT_TEAM = M35DLYREN6;
				INFOPLIST_FILE = DemoTests/Info.plist;
				LD_RUNPATH_SEARCH_PATHS = (
					"$(inherited)",
					"@executable_path/Frameworks",
				);
				PRODUCT_BUNDLE_IDENTIFIER = phoneBook.DemoTests;
				PRODUCT_NAME = "$(TARGET_NAME)";
				SWIFT_VERSION = 4.0;
				TARGETED_DEVICE_FAMILY = "1,2";
			};
			name = Release;
		};
		6B0DFE1A20D4A04300F90DBF /* Debug */ = {
			isa = XCBuildConfiguration;
			buildSettings = {
				ALWAYS_EMBED_SWIFT_STANDARD_LIBRARIES = YES;
				BUNDLE_LOADER = "$(TEST_HOST)";
				CODE_SIGN_STYLE = Automatic;
				DEVELOPMENT_TEAM = M35DLYREN6;
				INFOPLIST_FILE = DemoTestsTests/Info.plist;
				LD_RUNPATH_SEARCH_PATHS = (
					"$(inherited)",
					"@executable_path/Frameworks",
					"@loader_path/Frameworks",
				);
				PRODUCT_BUNDLE_IDENTIFIER = phoneBook.DemoTestsTests;
				PRODUCT_NAME = "$(TARGET_NAME)";
				SWIFT_VERSION = 4.0;
				TARGETED_DEVICE_FAMILY = "1,2";
				TEST_HOST = "$(BUILT_PRODUCTS_DIR)/DemoTests.app/DemoTests";
			};
			name = Debug;
		};
		6B0DFE1B20D4A04300F90DBF /* Release */ = {
			isa = XCBuildConfiguration;
			buildSettings = {
				ALWAYS_EMBED_SWIFT_STANDARD_LIBRARIES = YES;
				BUNDLE_LOADER = "$(TEST_HOST)";
				CODE_SIGN_STYLE = Automatic;
				DEVELOPMENT_TEAM = M35DLYREN6;
				INFOPLIST_FILE = DemoTestsTests/Info.plist;
				LD_RUNPATH_SEARCH_PATHS = (
					"$(inherited)",
					"@executable_path/Frameworks",
					"@loader_path/Frameworks",
				);
				PRODUCT_BUNDLE_IDENTIFIER = phoneBook.DemoTestsTests;
				PRODUCT_NAME = "$(TARGET_NAME)";
				SWIFT_VERSION = 4.0;
				TARGETED_DEVICE_FAMILY = "1,2";
				TEST_HOST = "$(BUILT_PRODUCTS_DIR)/DemoTests.app/DemoTests";
			};
			name = Release;
		};
/* End XCBuildConfiguration section */

/* Begin XCConfigurationList section */
		6B0DFDF420D4A04200F90DBF /* Build configuration list for PBXProject "DemoTests" */ = {
			isa = XCConfigurationList;
			buildConfigurations = (
				6B0DFE1420D4A04300F90DBF /* Debug */,
				6B0DFE1520D4A04300F90DBF /* Release */,
			);
			defaultConfigurationIsVisible = 0;
			defaultConfigurationName = Release;
		};
		6B0DFE1620D4A04300F90DBF /* Build configuration list for PBXNativeTarget "DemoTests" */ = {
			isa = XCConfigurationList;
			buildConfigurations = (
				6B0DFE1720D4A04300F90DBF /* Debug */,
				6B0DFE1820D4A04300F90DBF /* Release */,
			);
			defaultConfigurationIsVisible = 0;
			defaultConfigurationName = Release;
		};
		6B0DFE1920D4A04300F90DBF /* Build configuration list for PBXNativeTarget "DemoTestsTests" */ = {
			isa = XCConfigurationList;
			buildConfigurations = (
				6B0DFE1A20D4A04300F90DBF /* Debug */,
				6B0DFE1B20D4A04300F90DBF /* Release */,
			);
			defaultConfigurationIsVisible = 0;
			defaultConfigurationName = Release;
		};
/* End XCConfigurationList section */
	};
	rootObject = 6B0DFDF120D4A04200F90DBF /* Project object */;
}
